
Microsoft Visual Studio Solution File, Format Version 12.00
# Visual Studio 15
VisualStudioVersion = 15.0.27004.2002
MinimumVisualStudioVersion = 10.0.40219.1
Project("{FAE04EC0-301F-11D3-BF4B-00C04F79EFBC}") = "WordAddIn1", "WordAddIn1\WordAddIn1.csproj", "{0062925A-2472-4CAB-910E-EB48FF35B3C6}"
EndProject
Global
	GlobalSection(SolutionConfigurationPlatforms) = preSolution
		Debug|Any CPU = Debug|Any CPU
		Release|Any CPU = Release|Any CPU
	EndGlobalSection
	GlobalSection(ProjectConfigurationPlatforms) = postSolution
		{0062925A-2472-4CAB-910E-EB48FF35B3C6}.Debug|Any CPU.ActiveCfg = Debug|Any CPU
		{0062925A-2472-4CAB-910E-EB48FF35B3C6}.Debug|Any CPU.Build.0 = Debug|Any CPU
		{0062925A-2472-4CAB-910E-EB48FF35B3C6}.Release|Any CPU.ActiveCfg = Release|Any CPU
		{0062925A-2472-4CAB-910E-EB48FF35B3C6}.Release|Any CPU.Build.0 = Release|Any CPU
	EndGlobalSection
	GlobalSection(SolutionProperties) = preSolution
		HideSolutionNode = FALSE
	EndGlobalSection
	GlobalSection(ExtensibilityGlobals) = postSolution
		SolutionGuid = {01B4D832-F511-4721-A4C9-25FBBDC4194C}
	EndGlobalSection
EndGlobal
